
Microsoft Visual Studio Solution File, Format Version 12.00
# Visual Studio 15
VisualStudioVersion = 15.0.28010.2016
MinimumVisualStudioVersion = 10.0.40219.1
Project("{FAE04EC0-301F-11D3-BF4B-00C04F79EFBC}") = "kextool", "kextool\kextool.csproj", "{BD2951AE-DD4C-4464-8F44-8BD81B8B8443}"
EndProject
Global
	GlobalSection(SolutionConfigurationPlatforms) = preSolution
		Debug|Any CPU = Debug|Any CPU
		Release|Any CPU = Release|Any CPU
	EndGlobalSection
	GlobalSection(ProjectConfigurationPlatforms) = postSolution
		{BD2951AE-DD4C-4464-8F44-8BD81B8B8443}.Debug|Any CPU.ActiveCfg = Debug|Any CPU
		{BD2951AE-DD4C-4464-8F44-8BD81B8B8443}.Debug|Any CPU.Build.0 = Debug|Any CPU
		{BD2951AE-DD4C-4464-8F44-8BD81B8B8443}.Release|Any CPU.ActiveCfg = Release|Any CPU
		{BD2951AE-DD4C-4464-8F44-8BD81B8B8443}.Release|Any CPU.Build.0 = Release|Any CPU
	EndGlobalSection
	GlobalSection(SolutionProperties) = preSolution
		HideSolutionNode = FALSE
	EndGlobalSection
	GlobalSection(ExtensibilityGlobals) = postSolution
		SolutionGuid = {CE6BFC69-2BE4-430C-BD01-703001E7F276}
	EndGlobalSection
EndGlobal
